
Microsoft Visual Studio Solution File, Format Version 12.00
# Visual Studio Version 16
VisualStudioVersion = 16.0.29102.190
MinimumVisualStudioVersion = 10.0.40219.1
Project("{8BC9CEB8-8B4A-11D0-8D11-00A0C91BC942}") = "lessonn2", "lessonn2\lessonn2.vcxproj", "{F3EC4B56-5A02-40A7-9EE9-91489B40548F}"
EndProject
Global
	GlobalSection(SolutionConfigurationPlatforms) = preSolution
		Debug|x64 = Debug|x64
		Debug|x86 = Debug|x86
		Release|x64 = Release|x64
		Release|x86 = Release|x86
	EndGlobalSection
	GlobalSection(ProjectConfigurationPlatforms) = postSolution
		{F3EC4B56-5A02-40A7-9EE9-91489B40548F}.Debug|x64.ActiveCfg = Debug|x64
		{F3EC4B56-5A02-40A7-9EE9-91489B40548F}.Debug|x64.Build.0 = Debug|x64
		{F3EC4B56-5A02-40A7-9EE9-91489B40548F}.Debug|x86.ActiveCfg = Debug|Win32
		{F3EC4B56-5A02-40A7-9EE9-91489B40548F}.Debug|x86.Build.0 = Debug|Win32
		{F3EC4B56-5A02-40A7-9EE9-91489B40548F}.Release|x64.ActiveCfg = Release|x64
		{F3EC4B56-5A02-40A7-9EE9-91489B40548F}.Release|x64.Build.0 = Release|x64
		{F3EC4B56-5A02-40A7-9EE9-91489B40548F}.Release|x86.ActiveCfg = Release|Win32
		{F3EC4B56-5A02-40A7-9EE9-91489B40548F}.Release|x86.Build.0 = Release|Win32
	EndGlobalSection
	GlobalSection(SolutionProperties) = preSolution
		HideSolutionNode = FALSE
	EndGlobalSection
	GlobalSection(ExtensibilityGlobals) = postSolution
		SolutionGuid = {21F74CA2-AD16-4E5C-8688-9F817C5B9175}
	EndGlobalSection
EndGlobal
